
Microsoft Visual Studio Solution File, Format Version 11.00
# Visual Studio 2010
Project("{FAE04EC0-301F-11D3-BF4B-00C04F79EFBC}") = "Unity_game", "Assembly-CSharp.csproj", "{F02FDECF-DB06-F467-1147-1120A0E151B1}"
EndProject
Project("{FAE04EC0-301F-11D3-BF4B-00C04F79EFBC}") = "Unity_game", "Assembly-CSharp-firstpass.csproj", "{007E84B4-FF63-FBE5-CF16-9A47513AA9E5}"
EndProject
Project("{FAE04EC0-301F-11D3-BF4B-00C04F79EFBC}") = "Unity_game", "Assembly-CSharp-Editor-firstpass.csproj", "{EDABC9BA-BCC1-8B03-7BE0-E7F29625C23B}"
EndProject
Project("{FAE04EC0-301F-11D3-BF4B-00C04F79EFBC}") = "Unity_game", "Assembly-CSharp-Editor.csproj", "{2BD1E43F-32D5-6CF2-EE53-097839592CF7}"
EndProject
Global
	GlobalSection(SolutionConfigurationPlatforms) = preSolution
		Debug|Any CPU = Debug|Any CPU
		Release|Any CPU = Release|Any CPU
	EndGlobalSection
	GlobalSection(ProjectConfigurationPlatforms) = postSolution
		{F02FDECF-DB06-F467-1147-1120A0E151B1}.Debug|Any CPU.ActiveCfg = Debug|Any CPU
		{F02FDECF-DB06-F467-1147-1120A0E151B1}.Debug|Any CPU.Build.0 = Debug|Any CPU
		{F02FDECF-DB06-F467-1147-1120A0E151B1}.Release|Any CPU.ActiveCfg = Release|Any CPU
		{F02FDECF-DB06-F467-1147-1120A0E151B1}.Release|Any CPU.Build.0 = Release|Any CPU
		{007E84B4-FF63-FBE5-CF16-9A47513AA9E5}.Debug|Any CPU.ActiveCfg = Debug|Any CPU
		{007E84B4-FF63-FBE5-CF16-9A47513AA9E5}.Debug|Any CPU.Build.0 = Debug|Any CPU
		{007E84B4-FF63-FBE5-CF16-9A47513AA9E5}.Release|Any CPU.ActiveCfg = Release|Any CPU
		{007E84B4-FF63-FBE5-CF16-9A47513AA9E5}.Release|Any CPU.Build.0 = Release|Any CPU
		{EDABC9BA-BCC1-8B03-7BE0-E7F29625C23B}.Debug|Any CPU.ActiveCfg = Debug|Any CPU
		{EDABC9BA-BCC1-8B03-7BE0-E7F29625C23B}.Debug|Any CPU.Build.0 = Debug|Any CPU
		{EDABC9BA-BCC1-8B03-7BE0-E7F29625C23B}.Release|Any CPU.ActiveCfg = Release|Any CPU
		{EDABC9BA-BCC1-8B03-7BE0-E7F29625C23B}.Release|Any CPU.Build.0 = Release|Any CPU
		{2BD1E43F-32D5-6CF2-EE53-097839592CF7}.Debug|Any CPU.ActiveCfg = Debug|Any CPU
		{2BD1E43F-32D5-6CF2-EE53-097839592CF7}.Debug|Any CPU.Build.0 = Debug|Any CPU
		{2BD1E43F-32D5-6CF2-EE53-097839592CF7}.Release|Any CPU.ActiveCfg = Release|Any CPU
		{2BD1E43F-32D5-6CF2-EE53-097839592CF7}.Release|Any CPU.Build.0 = Release|Any CPU
	EndGlobalSection
	GlobalSection(SolutionProperties) = preSolution
		HideSolutionNode = FALSE
	EndGlobalSection
	GlobalSection(MonoDevelopProperties) = preSolution
		StartupItem = Assembly-CSharp.csproj
	EndGlobalSection
EndGlobal
